
Microsoft Visual Studio Solution File, Format Version 12.00
# Visual Studio Version 16
VisualStudioVersion = 16.0.32126.315
MinimumVisualStudioVersion = 10.0.40219.1
Project("{9A19103F-16F7-4668-BE54-9A1E7A4F7556}") = "Interface", "Interface\Interface.csproj", "{CDC50BCB-9E9F-48F6-B337-E4BE07C214B7}"
EndProject
Project("{9A19103F-16F7-4668-BE54-9A1E7A4F7556}") = "DataBaseManager", "DataBaseManager\DataBaseManager.csproj", "{23A15393-FD79-4D57-8554-71C50D4AFC66}"
EndProject
Project("{9A19103F-16F7-4668-BE54-9A1E7A4F7556}") = "SecurityUtility", "SecurityUtility\SecurityUtility.csproj", "{2E7E0949-E02A-4C29-9318-5D4A89343AA9}"
EndProject
Project("{9A19103F-16F7-4668-BE54-9A1E7A4F7556}") = "Utility", "Utility\Utility.csproj", "{05705518-7A14-452B-8941-3672A30CAE0B}"
EndProject
Project("{9A19103F-16F7-4668-BE54-9A1E7A4F7556}") = "DataBaseManagerTestApp", "DataBaseManagerTestApp\DataBaseManagerTestApp.csproj", "{A2F65150-211A-49C4-8653-85D524223C55}"
EndProject
Project("{FAE04EC0-301F-11D3-BF4B-00C04F79EFBC}") = "DataBaseManagerTests", "DataBaseManagerTests\DataBaseManagerTests.csproj", "{48F2FCD1-4B9F-4503-AE77-FF0F16CB7F97}"
EndProject
Global
	GlobalSection(SolutionConfigurationPlatforms) = preSolution
		Debug|Any CPU = Debug|Any CPU
		Release|Any CPU = Release|Any CPU
	EndGlobalSection
	GlobalSection(ProjectConfigurationPlatforms) = postSolution
		{CDC50BCB-9E9F-48F6-B337-E4BE07C214B7}.Debug|Any CPU.ActiveCfg = Debug|Any CPU
		{CDC50BCB-9E9F-48F6-B337-E4BE07C214B7}.Debug|Any CPU.Build.0 = Debug|Any CPU
		{CDC50BCB-9E9F-48F6-B337-E4BE07C214B7}.Release|Any CPU.ActiveCfg = Release|Any CPU
		{CDC50BCB-9E9F-48F6-B337-E4BE07C214B7}.Release|Any CPU.Build.0 = Release|Any CPU
		{23A15393-FD79-4D57-8554-71C50D4AFC66}.Debug|Any CPU.ActiveCfg = Debug|Any CPU
		{23A15393-FD79-4D57-8554-71C50D4AFC66}.Debug|Any CPU.Build.0 = Debug|Any CPU
		{23A15393-FD79-4D57-8554-71C50D4AFC66}.Release|Any CPU.ActiveCfg = Release|Any CPU
		{23A15393-FD79-4D57-8554-71C50D4AFC66}.Release|Any CPU.Build.0 = Release|Any CPU
		{2E7E0949-E02A-4C29-9318-5D4A89343AA9}.Debug|Any CPU.ActiveCfg = Debug|Any CPU
		{2E7E0949-E02A-4C29-9318-5D4A89343AA9}.Debug|Any CPU.Build.0 = Debug|Any CPU
		{2E7E0949-E02A-4C29-9318-5D4A89343AA9}.Release|Any CPU.ActiveCfg = Release|Any CPU
		{2E7E0949-E02A-4C29-9318-5D4A89343AA9}.Release|Any CPU.Build.0 = Release|Any CPU
		{05705518-7A14-452B-8941-3672A30CAE0B}.Debug|Any CPU.ActiveCfg = Debug|Any CPU
		{05705518-7A14-452B-8941-3672A30CAE0B}.Debug|Any CPU.Build.0 = Debug|Any CPU
		{05705518-7A14-452B-8941-3672A30CAE0B}.Release|Any CPU.ActiveCfg = Release|Any CPU
		{05705518-7A14-452B-8941-3672A30CAE0B}.Release|Any CPU.Build.0 = Release|Any CPU
		{A2F65150-211A-49C4-8653-85D524223C55}.Debug|Any CPU.ActiveCfg = Debug|Any CPU
		{A2F65150-211A-49C4-8653-85D524223C55}.Debug|Any CPU.Build.0 = Debug|Any CPU
		{A2F65150-211A-49C4-8653-85D524223C55}.Release|Any CPU.ActiveCfg = Release|Any CPU
		{A2F65150-211A-49C4-8653-85D524223C55}.Release|Any CPU.Build.0 = Release|Any CPU
		{48F2FCD1-4B9F-4503-AE77-FF0F16CB7F97}.Debug|Any CPU.ActiveCfg = Debug|Any CPU
		{48F2FCD1-4B9F-4503-AE77-FF0F16CB7F97}.Debug|Any CPU.Build.0 = Debug|Any CPU
		{48F2FCD1-4B9F-4503-AE77-FF0F16CB7F97}.Release|Any CPU.ActiveCfg = Release|Any CPU
		{48F2FCD1-4B9F-4503-AE77-FF0F16CB7F97}.Release|Any CPU.Build.0 = Release|Any CPU
	EndGlobalSection
	GlobalSection(SolutionProperties) = preSolution
		HideSolutionNode = FALSE
	EndGlobalSection
	GlobalSection(ExtensibilityGlobals) = postSolution
		SolutionGuid = {89CD40B3-9848-4973-A8E0-561D561FA6CA}
	EndGlobalSection
EndGlobal
